
Microsoft Visual Studio Solution File, Format Version 12.00
# Visual Studio 2013
VisualStudioVersion = 12.0.40629.0
MinimumVisualStudioVersion = 10.0.40219.1
Project("{B1E792BE-AA5F-4E3C-8C82-674BF9C0715B}") = "SampleTime", "SampleTime\SampleTime.tsproj", "{DA3FCBFC-D078-4E10-8620-E23F58B2CC3E}"
EndProject
Global
	GlobalSection(SolutionConfigurationPlatforms) = preSolution
		Debug|TwinCAT CE7 (ARMV7) = Debug|TwinCAT CE7 (ARMV7)
		Debug|TwinCAT RT (x64) = Debug|TwinCAT RT (x64)
		Debug|TwinCAT RT (x86) = Debug|TwinCAT RT (x86)
		Release|TwinCAT CE7 (ARMV7) = Release|TwinCAT CE7 (ARMV7)
		Release|TwinCAT RT (x64) = Release|TwinCAT RT (x64)
		Release|TwinCAT RT (x86) = Release|TwinCAT RT (x86)
	EndGlobalSection
	GlobalSection(ProjectConfigurationPlatforms) = postSolution
		{DA3FCBFC-D078-4E10-8620-E23F58B2CC3E}.Debug|TwinCAT CE7 (ARMV7).ActiveCfg = Debug|TwinCAT CE7 (ARMV7)
		{DA3FCBFC-D078-4E10-8620-E23F58B2CC3E}.Debug|TwinCAT CE7 (ARMV7).Build.0 = Debug|TwinCAT CE7 (ARMV7)
		{DA3FCBFC-D078-4E10-8620-E23F58B2CC3E}.Debug|TwinCAT RT (x64).ActiveCfg = Debug|TwinCAT RT (x64)
		{DA3FCBFC-D078-4E10-8620-E23F58B2CC3E}.Debug|TwinCAT RT (x64).Build.0 = Debug|TwinCAT RT (x64)
		{DA3FCBFC-D078-4E10-8620-E23F58B2CC3E}.Debug|TwinCAT RT (x86).ActiveCfg = Debug|TwinCAT RT (x86)
		{DA3FCBFC-D078-4E10-8620-E23F58B2CC3E}.Debug|TwinCAT RT (x86).Build.0 = Debug|TwinCAT RT (x86)
		{DA3FCBFC-D078-4E10-8620-E23F58B2CC3E}.Release|TwinCAT CE7 (ARMV7).ActiveCfg = Release|TwinCAT CE7 (ARMV7)
		{DA3FCBFC-D078-4E10-8620-E23F58B2CC3E}.Release|TwinCAT CE7 (ARMV7).Build.0 = Release|TwinCAT CE7 (ARMV7)
		{DA3FCBFC-D078-4E10-8620-E23F58B2CC3E}.Release|TwinCAT RT (x64).ActiveCfg = Release|TwinCAT RT (x64)
		{DA3FCBFC-D078-4E10-8620-E23F58B2CC3E}.Release|TwinCAT RT (x64).Build.0 = Release|TwinCAT RT (x64)
		{DA3FCBFC-D078-4E10-8620-E23F58B2CC3E}.Release|TwinCAT RT (x86).ActiveCfg = Release|TwinCAT RT (x86)
		{DA3FCBFC-D078-4E10-8620-E23F58B2CC3E}.Release|TwinCAT RT (x86).Build.0 = Release|TwinCAT RT (x86)
		{E1A7A630-D31B-4784-A8A0-5ED0B6708649}.Debug|TwinCAT CE7 (ARMV7).ActiveCfg = Debug|TwinCAT CE7 (ARMV7)
		{E1A7A630-D31B-4784-A8A0-5ED0B6708649}.Debug|TwinCAT CE7 (ARMV7).Build.0 = Debug|TwinCAT CE7 (ARMV7)
		{E1A7A630-D31B-4784-A8A0-5ED0B6708649}.Debug|TwinCAT RT (x64).ActiveCfg = Debug|TwinCAT RT (x64)
		{E1A7A630-D31B-4784-A8A0-5ED0B6708649}.Debug|TwinCAT RT (x64).Build.0 = Debug|TwinCAT RT (x64)
		{E1A7A630-D31B-4784-A8A0-5ED0B6708649}.Debug|TwinCAT RT (x86).ActiveCfg = Debug|TwinCAT RT (x86)
		{E1A7A630-D31B-4784-A8A0-5ED0B6708649}.Debug|TwinCAT RT (x86).Build.0 = Debug|TwinCAT RT (x86)
		{E1A7A630-D31B-4784-A8A0-5ED0B6708649}.Release|TwinCAT CE7 (ARMV7).ActiveCfg = Release|TwinCAT CE7 (ARMV7)
		{E1A7A630-D31B-4784-A8A0-5ED0B6708649}.Release|TwinCAT CE7 (ARMV7).Build.0 = Release|TwinCAT CE7 (ARMV7)
		{E1A7A630-D31B-4784-A8A0-5ED0B6708649}.Release|TwinCAT RT (x64).ActiveCfg = Release|TwinCAT RT (x64)
		{E1A7A630-D31B-4784-A8A0-5ED0B6708649}.Release|TwinCAT RT (x64).Build.0 = Release|TwinCAT RT (x64)
		{E1A7A630-D31B-4784-A8A0-5ED0B6708649}.Release|TwinCAT RT (x86).ActiveCfg = Release|TwinCAT RT (x86)
		{E1A7A630-D31B-4784-A8A0-5ED0B6708649}.Release|TwinCAT RT (x86).Build.0 = Release|TwinCAT RT (x86)
		{4E208B6A-FF37-4391-A2E8-068C5AE9F0C0}.Debug|TwinCAT CE7 (ARMV7).ActiveCfg = Debug|TwinCAT CE7 (ARMV7)
		{4E208B6A-FF37-4391-A2E8-068C5AE9F0C0}.Debug|TwinCAT CE7 (ARMV7).Build.0 = Debug|TwinCAT CE7 (ARMV7)
		{4E208B6A-FF37-4391-A2E8-068C5AE9F0C0}.Debug|TwinCAT RT (x64).ActiveCfg = Debug|TwinCAT RT (x64)
		{4E208B6A-FF37-4391-A2E8-068C5AE9F0C0}.Debug|TwinCAT RT (x64).Build.0 = Debug|TwinCAT RT (x64)
		{4E208B6A-FF37-4391-A2E8-068C5AE9F0C0}.Debug|TwinCAT RT (x86).ActiveCfg = Debug|TwinCAT RT (x86)
		{4E208B6A-FF37-4391-A2E8-068C5AE9F0C0}.Debug|TwinCAT RT (x86).Build.0 = Debug|TwinCAT RT (x86)
		{4E208B6A-FF37-4391-A2E8-068C5AE9F0C0}.Release|TwinCAT CE7 (ARMV7).ActiveCfg = Release|TwinCAT CE7 (ARMV7)
		{4E208B6A-FF37-4391-A2E8-068C5AE9F0C0}.Release|TwinCAT CE7 (ARMV7).Build.0 = Release|TwinCAT CE7 (ARMV7)
		{4E208B6A-FF37-4391-A2E8-068C5AE9F0C0}.Release|TwinCAT RT (x64).ActiveCfg = Release|TwinCAT RT (x64)
		{4E208B6A-FF37-4391-A2E8-068C5AE9F0C0}.Release|TwinCAT RT (x64).Build.0 = Release|TwinCAT RT (x64)
		{4E208B6A-FF37-4391-A2E8-068C5AE9F0C0}.Release|TwinCAT RT (x86).ActiveCfg = Release|TwinCAT RT (x86)
		{4E208B6A-FF37-4391-A2E8-068C5AE9F0C0}.Release|TwinCAT RT (x86).Build.0 = Release|TwinCAT RT (x86)
	EndGlobalSection
	GlobalSection(SolutionProperties) = preSolution
		HideSolutionNode = FALSE
	EndGlobalSection
EndGlobal
