
Microsoft Visual Studio Solution File, Format Version 12.00
# TcXaeShell Solution File, Format Version 11.00
VisualStudioVersion = 15.0.28307.1913
MinimumVisualStudioVersion = 10.0.40219.1
Project("{B1E792BE-AA5F-4E3C-8C82-674BF9C0715B}") = "VarBackup", "VarBackup.tsproj", "{74A87DA1-965A-48A4-806B-CC10B68EAE11}"
EndProject
Global
	GlobalSection(SolutionConfigurationPlatforms) = preSolution
		Debug|TwinCAT CE7 (ARMV7) = Debug|TwinCAT CE7 (ARMV7)
		Debug|TwinCAT OS (ARMT2) = Debug|TwinCAT OS (ARMT2)
		Debug|TwinCAT RT (x64) = Debug|TwinCAT RT (x64)
		Debug|TwinCAT RT (x86) = Debug|TwinCAT RT (x86)
		Release|TwinCAT CE7 (ARMV7) = Release|TwinCAT CE7 (ARMV7)
		Release|TwinCAT OS (ARMT2) = Release|TwinCAT OS (ARMT2)
		Release|TwinCAT RT (x64) = Release|TwinCAT RT (x64)
		Release|TwinCAT RT (x86) = Release|TwinCAT RT (x86)
	EndGlobalSection
	GlobalSection(ProjectConfigurationPlatforms) = postSolution
		{74A87DA1-965A-48A4-806B-CC10B68EAE11}.Debug|TwinCAT CE7 (ARMV7).ActiveCfg = Debug|TwinCAT CE7 (ARMV7)
		{74A87DA1-965A-48A4-806B-CC10B68EAE11}.Debug|TwinCAT CE7 (ARMV7).Build.0 = Debug|TwinCAT CE7 (ARMV7)
		{74A87DA1-965A-48A4-806B-CC10B68EAE11}.Debug|TwinCAT OS (ARMT2).ActiveCfg = Debug|TwinCAT OS (ARMT2)
		{74A87DA1-965A-48A4-806B-CC10B68EAE11}.Debug|TwinCAT OS (ARMT2).Build.0 = Debug|TwinCAT OS (ARMT2)
		{74A87DA1-965A-48A4-806B-CC10B68EAE11}.Debug|TwinCAT RT (x64).ActiveCfg = Debug|TwinCAT RT (x64)
		{74A87DA1-965A-48A4-806B-CC10B68EAE11}.Debug|TwinCAT RT (x64).Build.0 = Debug|TwinCAT RT (x64)
		{74A87DA1-965A-48A4-806B-CC10B68EAE11}.Debug|TwinCAT RT (x86).ActiveCfg = Debug|TwinCAT RT (x86)
		{74A87DA1-965A-48A4-806B-CC10B68EAE11}.Debug|TwinCAT RT (x86).Build.0 = Debug|TwinCAT RT (x86)
		{74A87DA1-965A-48A4-806B-CC10B68EAE11}.Release|TwinCAT CE7 (ARMV7).ActiveCfg = Release|TwinCAT CE7 (ARMV7)
		{74A87DA1-965A-48A4-806B-CC10B68EAE11}.Release|TwinCAT CE7 (ARMV7).Build.0 = Release|TwinCAT CE7 (ARMV7)
		{74A87DA1-965A-48A4-806B-CC10B68EAE11}.Release|TwinCAT OS (ARMT2).ActiveCfg = Release|TwinCAT OS (ARMT2)
		{74A87DA1-965A-48A4-806B-CC10B68EAE11}.Release|TwinCAT OS (ARMT2).Build.0 = Release|TwinCAT OS (ARMT2)
		{74A87DA1-965A-48A4-806B-CC10B68EAE11}.Release|TwinCAT RT (x64).ActiveCfg = Release|TwinCAT RT (x64)
		{74A87DA1-965A-48A4-806B-CC10B68EAE11}.Release|TwinCAT RT (x64).Build.0 = Release|TwinCAT RT (x64)
		{74A87DA1-965A-48A4-806B-CC10B68EAE11}.Release|TwinCAT RT (x86).ActiveCfg = Release|TwinCAT RT (x86)
		{74A87DA1-965A-48A4-806B-CC10B68EAE11}.Release|TwinCAT RT (x86).Build.0 = Release|TwinCAT RT (x86)
		{C37BD191-946C-454D-A1B6-D997D1C68FE0}.Debug|TwinCAT CE7 (ARMV7).ActiveCfg = Debug|TwinCAT CE7 (ARMV7)
		{C37BD191-946C-454D-A1B6-D997D1C68FE0}.Debug|TwinCAT CE7 (ARMV7).Build.0 = Debug|TwinCAT CE7 (ARMV7)
		{C37BD191-946C-454D-A1B6-D997D1C68FE0}.Debug|TwinCAT OS (ARMT2).ActiveCfg = Debug|TwinCAT OS (ARMT2)
		{C37BD191-946C-454D-A1B6-D997D1C68FE0}.Debug|TwinCAT OS (ARMT2).Build.0 = Debug|TwinCAT OS (ARMT2)
		{C37BD191-946C-454D-A1B6-D997D1C68FE0}.Debug|TwinCAT RT (x64).ActiveCfg = Debug|TwinCAT RT (x64)
		{C37BD191-946C-454D-A1B6-D997D1C68FE0}.Debug|TwinCAT RT (x64).Build.0 = Debug|TwinCAT RT (x64)
		{C37BD191-946C-454D-A1B6-D997D1C68FE0}.Debug|TwinCAT RT (x86).ActiveCfg = Debug|TwinCAT RT (x86)
		{C37BD191-946C-454D-A1B6-D997D1C68FE0}.Debug|TwinCAT RT (x86).Build.0 = Debug|TwinCAT RT (x86)
		{C37BD191-946C-454D-A1B6-D997D1C68FE0}.Release|TwinCAT CE7 (ARMV7).ActiveCfg = Release|TwinCAT CE7 (ARMV7)
		{C37BD191-946C-454D-A1B6-D997D1C68FE0}.Release|TwinCAT CE7 (ARMV7).Build.0 = Release|TwinCAT CE7 (ARMV7)
		{C37BD191-946C-454D-A1B6-D997D1C68FE0}.Release|TwinCAT OS (ARMT2).ActiveCfg = Release|TwinCAT OS (ARMT2)
		{C37BD191-946C-454D-A1B6-D997D1C68FE0}.Release|TwinCAT OS (ARMT2).Build.0 = Release|TwinCAT OS (ARMT2)
		{C37BD191-946C-454D-A1B6-D997D1C68FE0}.Release|TwinCAT RT (x64).ActiveCfg = Release|TwinCAT RT (x64)
		{C37BD191-946C-454D-A1B6-D997D1C68FE0}.Release|TwinCAT RT (x64).Build.0 = Release|TwinCAT RT (x64)
		{C37BD191-946C-454D-A1B6-D997D1C68FE0}.Release|TwinCAT RT (x86).ActiveCfg = Release|TwinCAT RT (x86)
		{C37BD191-946C-454D-A1B6-D997D1C68FE0}.Release|TwinCAT RT (x86).Build.0 = Release|TwinCAT RT (x86)
	EndGlobalSection
	GlobalSection(SolutionProperties) = preSolution
		HideSolutionNode = FALSE
	EndGlobalSection
	GlobalSection(ExtensibilityGlobals) = postSolution
		SolutionGuid = {DA7F4FB6-7F8A-408A-A4BD-F80A254C3C04}
	EndGlobalSection
EndGlobal
