
Microsoft Visual Studio Solution File, Format Version 12.00
# TcXaeShell Solution File, Format Version 11.00
VisualStudioVersion = 15.0.28010.2050
MinimumVisualStudioVersion = 10.0.40219.1
Project("{B1E792BE-AA5F-4E3C-8C82-674BF9C0715B}") = "ErrorTracking", "ErrorTracking\ErrorTracking.tsproj", "{5942842F-D275-4321-A90D-3AFF7DC32B92}"
EndProject
Global
	GlobalSection(SolutionConfigurationPlatforms) = preSolution
		Debug|TwinCAT CE7 (ARMV7) = Debug|TwinCAT CE7 (ARMV7)
		Debug|TwinCAT OS (ARMT2) = Debug|TwinCAT OS (ARMT2)
		Debug|TwinCAT RT (x64) = Debug|TwinCAT RT (x64)
		Debug|TwinCAT RT (x86) = Debug|TwinCAT RT (x86)
		Release|TwinCAT CE7 (ARMV7) = Release|TwinCAT CE7 (ARMV7)
		Release|TwinCAT OS (ARMT2) = Release|TwinCAT OS (ARMT2)
		Release|TwinCAT RT (x64) = Release|TwinCAT RT (x64)
		Release|TwinCAT RT (x86) = Release|TwinCAT RT (x86)
	EndGlobalSection
	GlobalSection(ProjectConfigurationPlatforms) = postSolution
		{5942842F-D275-4321-A90D-3AFF7DC32B92}.Debug|TwinCAT CE7 (ARMV7).ActiveCfg = Debug|TwinCAT CE7 (ARMV7)
		{5942842F-D275-4321-A90D-3AFF7DC32B92}.Debug|TwinCAT CE7 (ARMV7).Build.0 = Debug|TwinCAT CE7 (ARMV7)
		{5942842F-D275-4321-A90D-3AFF7DC32B92}.Debug|TwinCAT OS (ARMT2).ActiveCfg = Debug|TwinCAT OS (ARMT2)
		{5942842F-D275-4321-A90D-3AFF7DC32B92}.Debug|TwinCAT OS (ARMT2).Build.0 = Debug|TwinCAT OS (ARMT2)
		{5942842F-D275-4321-A90D-3AFF7DC32B92}.Debug|TwinCAT RT (x64).ActiveCfg = Debug|TwinCAT RT (x64)
		{5942842F-D275-4321-A90D-3AFF7DC32B92}.Debug|TwinCAT RT (x64).Build.0 = Debug|TwinCAT RT (x64)
		{5942842F-D275-4321-A90D-3AFF7DC32B92}.Debug|TwinCAT RT (x86).ActiveCfg = Debug|TwinCAT RT (x86)
		{5942842F-D275-4321-A90D-3AFF7DC32B92}.Debug|TwinCAT RT (x86).Build.0 = Debug|TwinCAT RT (x86)
		{5942842F-D275-4321-A90D-3AFF7DC32B92}.Release|TwinCAT CE7 (ARMV7).ActiveCfg = Release|TwinCAT CE7 (ARMV7)
		{5942842F-D275-4321-A90D-3AFF7DC32B92}.Release|TwinCAT CE7 (ARMV7).Build.0 = Release|TwinCAT CE7 (ARMV7)
		{5942842F-D275-4321-A90D-3AFF7DC32B92}.Release|TwinCAT OS (ARMT2).ActiveCfg = Release|TwinCAT OS (ARMT2)
		{5942842F-D275-4321-A90D-3AFF7DC32B92}.Release|TwinCAT OS (ARMT2).Build.0 = Release|TwinCAT OS (ARMT2)
		{5942842F-D275-4321-A90D-3AFF7DC32B92}.Release|TwinCAT RT (x64).ActiveCfg = Release|TwinCAT RT (x64)
		{5942842F-D275-4321-A90D-3AFF7DC32B92}.Release|TwinCAT RT (x64).Build.0 = Release|TwinCAT RT (x64)
		{5942842F-D275-4321-A90D-3AFF7DC32B92}.Release|TwinCAT RT (x86).ActiveCfg = Release|TwinCAT RT (x86)
		{5942842F-D275-4321-A90D-3AFF7DC32B92}.Release|TwinCAT RT (x86).Build.0 = Release|TwinCAT RT (x86)
		{B849DCFD-D8EA-45C0-A20B-C2B678ED7215}.Debug|TwinCAT CE7 (ARMV7).ActiveCfg = Debug|TwinCAT CE7 (ARMV7)
		{B849DCFD-D8EA-45C0-A20B-C2B678ED7215}.Debug|TwinCAT CE7 (ARMV7).Build.0 = Debug|TwinCAT CE7 (ARMV7)
		{B849DCFD-D8EA-45C0-A20B-C2B678ED7215}.Debug|TwinCAT OS (ARMT2).ActiveCfg = Debug|TwinCAT OS (ARMT2)
		{B849DCFD-D8EA-45C0-A20B-C2B678ED7215}.Debug|TwinCAT OS (ARMT2).Build.0 = Debug|TwinCAT OS (ARMT2)
		{B849DCFD-D8EA-45C0-A20B-C2B678ED7215}.Debug|TwinCAT RT (x64).ActiveCfg = Debug|TwinCAT RT (x64)
		{B849DCFD-D8EA-45C0-A20B-C2B678ED7215}.Debug|TwinCAT RT (x64).Build.0 = Debug|TwinCAT RT (x64)
		{B849DCFD-D8EA-45C0-A20B-C2B678ED7215}.Debug|TwinCAT RT (x86).ActiveCfg = Debug|TwinCAT RT (x86)
		{B849DCFD-D8EA-45C0-A20B-C2B678ED7215}.Debug|TwinCAT RT (x86).Build.0 = Debug|TwinCAT RT (x86)
		{B849DCFD-D8EA-45C0-A20B-C2B678ED7215}.Release|TwinCAT CE7 (ARMV7).ActiveCfg = Release|TwinCAT CE7 (ARMV7)
		{B849DCFD-D8EA-45C0-A20B-C2B678ED7215}.Release|TwinCAT CE7 (ARMV7).Build.0 = Release|TwinCAT CE7 (ARMV7)
		{B849DCFD-D8EA-45C0-A20B-C2B678ED7215}.Release|TwinCAT OS (ARMT2).ActiveCfg = Release|TwinCAT OS (ARMT2)
		{B849DCFD-D8EA-45C0-A20B-C2B678ED7215}.Release|TwinCAT OS (ARMT2).Build.0 = Release|TwinCAT OS (ARMT2)
		{B849DCFD-D8EA-45C0-A20B-C2B678ED7215}.Release|TwinCAT RT (x64).ActiveCfg = Release|TwinCAT RT (x64)
		{B849DCFD-D8EA-45C0-A20B-C2B678ED7215}.Release|TwinCAT RT (x64).Build.0 = Release|TwinCAT RT (x64)
		{B849DCFD-D8EA-45C0-A20B-C2B678ED7215}.Release|TwinCAT RT (x86).ActiveCfg = Release|TwinCAT RT (x86)
		{B849DCFD-D8EA-45C0-A20B-C2B678ED7215}.Release|TwinCAT RT (x86).Build.0 = Release|TwinCAT RT (x86)
	EndGlobalSection
	GlobalSection(SolutionProperties) = preSolution
		HideSolutionNode = FALSE
	EndGlobalSection
	GlobalSection(ExtensibilityGlobals) = postSolution
		SolutionGuid = {704847F9-222F-4D6A-90A1-C40915F12A16}
	EndGlobalSection
EndGlobal
